
Microsoft Visual Studio Solution File, Format Version 12.00
# Visual Studio Version 17
VisualStudioVersion = 17.2.32616.157
MinimumVisualStudioVersion = 10.0.40219.1
Project("{FAE04EC0-301F-11D3-BF4B-00C04F79EFBC}") = "RESTfull API Webservice", "RESTfull API Webservice\RESTfull API Webservice.csproj", "{465C99C4-DE04-4059-A805-8F3A4340A882}"
EndProject
Global
	GlobalSection(SolutionConfigurationPlatforms) = preSolution
		Debug|Any CPU = Debug|Any CPU
		Release|Any CPU = Release|Any CPU
	EndGlobalSection
	GlobalSection(ProjectConfigurationPlatforms) = postSolution
		{465C99C4-DE04-4059-A805-8F3A4340A882}.Debug|Any CPU.ActiveCfg = Debug|Any CPU
		{465C99C4-DE04-4059-A805-8F3A4340A882}.Debug|Any CPU.Build.0 = Debug|Any CPU
		{465C99C4-DE04-4059-A805-8F3A4340A882}.Release|Any CPU.ActiveCfg = Release|Any CPU
		{465C99C4-DE04-4059-A805-8F3A4340A882}.Release|Any CPU.Build.0 = Release|Any CPU
	EndGlobalSection
	GlobalSection(SolutionProperties) = preSolution
		HideSolutionNode = FALSE
	EndGlobalSection
	GlobalSection(ExtensibilityGlobals) = postSolution
		SolutionGuid = {425C2B4B-EE2D-4A36-848D-E5CA990B6DB9}
	EndGlobalSection
EndGlobal
